
Microsoft Visual Studio Solution File, Format Version 12.00
# Visual Studio 15
VisualStudioVersion = 15.0.26124.0
MinimumVisualStudioVersion = 15.0.26124.0
Project("{FAE04EC0-301F-11D3-BF4B-00C04F79EFBC}") = "Domain", "Domain\Domain.csproj", "{7F657526-CF74-46E0-A999-3BB168BF2C61}"
EndProject
Project("{FAE04EC0-301F-11D3-BF4B-00C04F79EFBC}") = "Application", "Application\Application.csproj", "{53A20410-737F-4328-90BD-CB5C13C1D5A8}"
EndProject
Project("{FAE04EC0-301F-11D3-BF4B-00C04F79EFBC}") = "Persistent", "Persistent\Persistent.csproj", "{178FACCD-21BC-46E3-BD27-A7477B12625C}"
EndProject
Project("{FAE04EC0-301F-11D3-BF4B-00C04F79EFBC}") = "API", "API\API.csproj", "{A32FB26D-B708-4C20-AAC0-22E3665038EE}"
EndProject
Global
	GlobalSection(SolutionConfigurationPlatforms) = preSolution
		Debug|Any CPU = Debug|Any CPU
		Debug|x64 = Debug|x64
		Debug|x86 = Debug|x86
		Release|Any CPU = Release|Any CPU
		Release|x64 = Release|x64
		Release|x86 = Release|x86
	EndGlobalSection
	GlobalSection(SolutionProperties) = preSolution
		HideSolutionNode = FALSE
	EndGlobalSection
	GlobalSection(ProjectConfigurationPlatforms) = postSolution
		{7F657526-CF74-46E0-A999-3BB168BF2C61}.Debug|Any CPU.ActiveCfg = Debug|Any CPU
		{7F657526-CF74-46E0-A999-3BB168BF2C61}.Debug|Any CPU.Build.0 = Debug|Any CPU
		{7F657526-CF74-46E0-A999-3BB168BF2C61}.Debug|x64.ActiveCfg = Debug|Any CPU
		{7F657526-CF74-46E0-A999-3BB168BF2C61}.Debug|x64.Build.0 = Debug|Any CPU
		{7F657526-CF74-46E0-A999-3BB168BF2C61}.Debug|x86.ActiveCfg = Debug|Any CPU
		{7F657526-CF74-46E0-A999-3BB168BF2C61}.Debug|x86.Build.0 = Debug|Any CPU
		{7F657526-CF74-46E0-A999-3BB168BF2C61}.Release|Any CPU.ActiveCfg = Release|Any CPU
		{7F657526-CF74-46E0-A999-3BB168BF2C61}.Release|Any CPU.Build.0 = Release|Any CPU
		{7F657526-CF74-46E0-A999-3BB168BF2C61}.Release|x64.ActiveCfg = Release|Any CPU
		{7F657526-CF74-46E0-A999-3BB168BF2C61}.Release|x64.Build.0 = Release|Any CPU
		{7F657526-CF74-46E0-A999-3BB168BF2C61}.Release|x86.ActiveCfg = Release|Any CPU
		{7F657526-CF74-46E0-A999-3BB168BF2C61}.Release|x86.Build.0 = Release|Any CPU
		{53A20410-737F-4328-90BD-CB5C13C1D5A8}.Debug|Any CPU.ActiveCfg = Debug|Any CPU
		{53A20410-737F-4328-90BD-CB5C13C1D5A8}.Debug|Any CPU.Build.0 = Debug|Any CPU
		{53A20410-737F-4328-90BD-CB5C13C1D5A8}.Debug|x64.ActiveCfg = Debug|Any CPU
		{53A20410-737F-4328-90BD-CB5C13C1D5A8}.Debug|x64.Build.0 = Debug|Any CPU
		{53A20410-737F-4328-90BD-CB5C13C1D5A8}.Debug|x86.ActiveCfg = Debug|Any CPU
		{53A20410-737F-4328-90BD-CB5C13C1D5A8}.Debug|x86.Build.0 = Debug|Any CPU
		{53A20410-737F-4328-90BD-CB5C13C1D5A8}.Release|Any CPU.ActiveCfg = Release|Any CPU
		{53A20410-737F-4328-90BD-CB5C13C1D5A8}.Release|Any CPU.Build.0 = Release|Any CPU
		{53A20410-737F-4328-90BD-CB5C13C1D5A8}.Release|x64.ActiveCfg = Release|Any CPU
		{53A20410-737F-4328-90BD-CB5C13C1D5A8}.Release|x64.Build.0 = Release|Any CPU
		{53A20410-737F-4328-90BD-CB5C13C1D5A8}.Release|x86.ActiveCfg = Release|Any CPU
		{53A20410-737F-4328-90BD-CB5C13C1D5A8}.Release|x86.Build.0 = Release|Any CPU
		{178FACCD-21BC-46E3-BD27-A7477B12625C}.Debug|Any CPU.ActiveCfg = Debug|Any CPU
		{178FACCD-21BC-46E3-BD27-A7477B12625C}.Debug|Any CPU.Build.0 = Debug|Any CPU
		{178FACCD-21BC-46E3-BD27-A7477B12625C}.Debug|x64.ActiveCfg = Debug|Any CPU
		{178FACCD-21BC-46E3-BD27-A7477B12625C}.Debug|x64.Build.0 = Debug|Any CPU
		{178FACCD-21BC-46E3-BD27-A7477B12625C}.Debug|x86.ActiveCfg = Debug|Any CPU
		{178FACCD-21BC-46E3-BD27-A7477B12625C}.Debug|x86.Build.0 = Debug|Any CPU
		{178FACCD-21BC-46E3-BD27-A7477B12625C}.Release|Any CPU.ActiveCfg = Release|Any CPU
		{178FACCD-21BC-46E3-BD27-A7477B12625C}.Release|Any CPU.Build.0 = Release|Any CPU
		{178FACCD-21BC-46E3-BD27-A7477B12625C}.Release|x64.ActiveCfg = Release|Any CPU
		{178FACCD-21BC-46E3-BD27-A7477B12625C}.Release|x64.Build.0 = Release|Any CPU
		{178FACCD-21BC-46E3-BD27-A7477B12625C}.Release|x86.ActiveCfg = Release|Any CPU
		{178FACCD-21BC-46E3-BD27-A7477B12625C}.Release|x86.Build.0 = Release|Any CPU
		{A32FB26D-B708-4C20-AAC0-22E3665038EE}.Debug|Any CPU.ActiveCfg = Debug|Any CPU
		{A32FB26D-B708-4C20-AAC0-22E3665038EE}.Debug|Any CPU.Build.0 = Debug|Any CPU
		{A32FB26D-B708-4C20-AAC0-22E3665038EE}.Debug|x64.ActiveCfg = Debug|Any CPU
		{A32FB26D-B708-4C20-AAC0-22E3665038EE}.Debug|x64.Build.0 = Debug|Any CPU
		{A32FB26D-B708-4C20-AAC0-22E3665038EE}.Debug|x86.ActiveCfg = Debug|Any CPU
		{A32FB26D-B708-4C20-AAC0-22E3665038EE}.Debug|x86.Build.0 = Debug|Any CPU
		{A32FB26D-B708-4C20-AAC0-22E3665038EE}.Release|Any CPU.ActiveCfg = Release|Any CPU
		{A32FB26D-B708-4C20-AAC0-22E3665038EE}.Release|Any CPU.Build.0 = Release|Any CPU
		{A32FB26D-B708-4C20-AAC0-22E3665038EE}.Release|x64.ActiveCfg = Release|Any CPU
		{A32FB26D-B708-4C20-AAC0-22E3665038EE}.Release|x64.Build.0 = Release|Any CPU
		{A32FB26D-B708-4C20-AAC0-22E3665038EE}.Release|x86.ActiveCfg = Release|Any CPU
		{A32FB26D-B708-4C20-AAC0-22E3665038EE}.Release|x86.Build.0 = Release|Any CPU
	EndGlobalSection
EndGlobal
